{
  "requires": true,
  "lockfileVersion": 1,
  "dependencies": {
    "bootstrap-v4-rtl": {
      "version": "4.3.1-5",
      "resolved": "https://registry.npmjs.org/bootstrap-v4-rtl/-/bootstrap-v4-rtl-4.3.1-5.tgz",
      "integrity": "sha512-54MJ+Z2UD4iHnUcI8a/7rLFuMpFdcKWywJzQiEjWJI45YMYhR7QZa/w5l6oKVG89BD7EXDpcECPmQhz6aNHU7A=="
    }
  }
}
